// !$*UTF8*$!
{
	archiveVersion = 1;
	classes = {
	};
	objectVersion = 56;
	objects = {

/* Begin PBXBuildFile section */
		7CB4EFAA2C9AC25D00842497 /* AppDelegate.swift in Sources */ = {isa = PBXBuildFile; fileRef = 7CB4EFA92C9AC25D00842497 /* AppDelegate.swift */; };
		7CB4EFAC2C9AC25D00842497 /* SceneDelegate.swift in Sources */ = {isa = PBXBuildFile; fileRef = 7CB4EFAB2C9AC25D00842497 /* SceneDelegate.swift */; };
		7CB4EFB32C9AC25F00842497 /* Assets.xcassets in Resources */ = {isa = PBXBuildFile; fileRef = 7CB4EFB22C9AC25F00842497 /* Assets.xcassets */; };
		7CB4EFB62C9AC25F00842497 /* Base in Resources */ = {isa = PBXBuildFile; fileRef = 7CB4EFB52C9AC25F00842497 /* Base */; };
		7CB4EFC22C9AC3AE00842497 /* MainViewController.xib in Resources */ = {isa = PBXBuildFile; fileRef = 7CB4EFC12C9AC3AE00842497 /* MainViewController.xib */; };
		7CB4EFC32C9AC3AE00842497 /* MainViewController.swift in Sources */ = {isa = PBXBuildFile; fileRef = 7CB4EFC02C9AC3AE00842497 /* MainViewController.swift */; };
		7CB4EFC52C9ACF3E00842497 /* BluetoothServices.swift in Sources */ = {isa = PBXBuildFile; fileRef = 7CB4EFC42C9ACF3E00842497 /* BluetoothServices.swift */; };
		7CDBC3072CA295AE002876C4 /* Data.swift in Sources */ = {isa = PBXBuildFile; fileRef = 7CDBC3062CA295AE002876C4 /* Data.swift */; };
		7CDBC30A2CA29DA3002876C4 /* MainTableViewCell.xib in Resources */ = {isa = PBXBuildFile; fileRef = 7CDBC3092CA29DA3002876C4 /* MainTableViewCell.xib */; };
		7CDBC30B2CA29DA3002876C4 /* MainTableViewCell.swift in Sources */ = {isa = PBXBuildFile; fileRef = 7CDBC3082CA29DA3002876C4 /* MainTableViewCell.swift */; };
		C42E6F4731F9DD6A95F37187 /* Pods_Bluetooth.framework in Frameworks */ = {isa = PBXBuildFile; fileRef = DC4C1EA08B91DBC595C40E22 /* Pods_Bluetooth.framework */; };
/* End PBXBuildFile section */

/* Begin PBXFileReference section */
		26213632815D9D778FF8D7C1 /* Pods-Bluetooth.release.xcconfig */ = {isa = PBXFileReference; includeInIndex = 1; lastKnownFileType = text.xcconfig; name = "Pods-Bluetooth.release.xcconfig"; path = "Target Support Files/Pods-Bluetooth/Pods-Bluetooth.release.xcconfig"; sourceTree = "<group>"; };
		7CB4EFA62C9AC25D00842497 /* Bluetooth.app */ = {isa = PBXFileReference; explicitFileType = wrapper.application; includeInIndex = 0; path = Bluetooth.app; sourceTree = BUILT_PRODUCTS_DIR; };
		7CB4EFA92C9AC25D00842497 /* AppDelegate.swift */ = {isa = PBXFileReference; lastKnownFileType = sourcecode.swift; path = AppDelegate.swift; sourceTree = "<group>"; };
		7CB4EFAB2C9AC25D00842497 /* SceneDelegate.swift */ = {isa = PBXFileReference; lastKnownFileType = sourcecode.swift; path = SceneDelegate.swift; sourceTree = "<group>"; };
		7CB4EFB22C9AC25F00842497 /* Assets.xcassets */ = {isa = PBXFileReference; lastKnownFileType = folder.assetcatalog; path = Assets.xcassets; sourceTree = "<group>"; };
		7CB4EFB52C9AC25F00842497 /* Base */ = {isa = PBXFileReference; lastKnownFileType = file.storyboard; name = Base; path = Base.lproj/LaunchScreen.storyboard; sourceTree = "<group>"; };
		7CB4EFB72C9AC25F00842497 /* Info.plist */ = {isa = PBXFileReference; lastKnownFileType = text.plist.xml; path = Info.plist; sourceTree = "<group>"; };
		7CB4EFC02C9AC3AE00842497 /* MainViewController.swift */ = {isa = PBXFileReference; lastKnownFileType = sourcecode.swift; path = MainViewController.swift; sourceTree = "<group>"; };
		7CB4EFC12C9AC3AE00842497 /* MainViewController.xib */ = {isa = PBXFileReference; lastKnownFileType = file.xib; path = MainViewController.xib; sourceTree = "<group>"; };
		7CB4EFC42C9ACF3E00842497 /* BluetoothServices.swift */ = {isa = PBXFileReference; lastKnownFileType = sourcecode.swift; path = BluetoothServices.swift; sourceTree = "<group>"; };
		7CDBC3062CA295AE002876C4 /* Data.swift */ = {isa = PBXFileReference; lastKnownFileType = sourcecode.swift; path = Data.swift; sourceTree = "<group>"; };
		7CDBC3082CA29DA3002876C4 /* MainTableViewCell.swift */ = {isa = PBXFileReference; lastKnownFileType = sourcecode.swift; path = MainTableViewCell.swift; sourceTree = "<group>"; };
		7CDBC3092CA29DA3002876C4 /* MainTableViewCell.xib */ = {isa = PBXFileReference; lastKnownFileType = file.xib; path = MainTableViewCell.xib; sourceTree = "<group>"; };
		DC4C1EA08B91DBC595C40E22 /* Pods_Bluetooth.framework */ = {isa = PBXFileReference; explicitFileType = wrapper.framework; includeInIndex = 0; path = Pods_Bluetooth.framework; sourceTree = BUILT_PRODUCTS_DIR; };
		DEEA29CB46A41B2A28C2F2C9 /* Pods-Bluetooth.debug.xcconfig */ = {isa = PBXFileReference; includeInIndex = 1; lastKnownFileType = text.xcconfig; name = "Pods-Bluetooth.debug.xcconfig"; path = "Target Support Files/Pods-Bluetooth/Pods-Bluetooth.debug.xcconfig"; sourceTree = "<group>"; };
/* End PBXFileReference section */

/* Begin PBXFrameworksBuildPhase section */
		7CB4EFA32C9AC25D00842497 /* Frameworks */ = {
			isa = PBXFrameworksBuildPhase;
			buildActionMask = 2147483647;
			files = (
				C42E6F4731F9DD6A95F37187 /* Pods_Bluetooth.framework in Frameworks */,
			);
			runOnlyForDeploymentPostprocessing = 0;
		};
/* End PBXFrameworksBuildPhase section */

/* Begin PBXGroup section */
		185B70FD46A74BCB723BC50B /* Pods */ = {
			isa = PBXGroup;
			children = (
				DEEA29CB46A41B2A28C2F2C9 /* Pods-Bluetooth.debug.xcconfig */,
				26213632815D9D778FF8D7C1 /* Pods-Bluetooth.release.xcconfig */,
			);
			name = Pods;
			path = Pods;
			sourceTree = "<group>";
		};
		3B452E9F857571BDAE6C9B30 /* Frameworks */ = {
			isa = PBXGroup;
			children = (
				DC4C1EA08B91DBC595C40E22 /* Pods_Bluetooth.framework */,
			);
			name = Frameworks;
			sourceTree = "<group>";
		};
		7CB4EF9D2C9AC25D00842497 = {
			isa = PBXGroup;
			children = (
				7CB4EFA82C9AC25D00842497 /* Bluetooth */,
				7CB4EFA72C9AC25D00842497 /* Products */,
				3B452E9F857571BDAE6C9B30 /* Frameworks */,
				185B70FD46A74BCB723BC50B /* Pods */,
			);
			sourceTree = "<group>";
		};
		7CB4EFA72C9AC25D00842497 /* Products */ = {
			isa = PBXGroup;
			children = (
				7CB4EFA62C9AC25D00842497 /* Bluetooth.app */,
			);
			name = Products;
			sourceTree = "<group>";
		};
		7CB4EFA82C9AC25D00842497 /* Bluetooth */ = {
			isa = PBXGroup;
			children = (
				7CB4EFBD2C9AC2C700842497 /* Model */,
				7CB4EFBE2C9AC2DA00842497 /* View */,
				7CB4EFBF2C9AC2E900842497 /* Controller */,
				7CB4EFA92C9AC25D00842497 /* AppDelegate.swift */,
				7CB4EFAB2C9AC25D00842497 /* SceneDelegate.swift */,
				7CB4EFB22C9AC25F00842497 /* Assets.xcassets */,
				7CB4EFB42C9AC25F00842497 /* LaunchScreen.storyboard */,
				7CB4EFB72C9AC25F00842497 /* Info.plist */,
				7CB4EFC42C9ACF3E00842497 /* BluetoothServices.swift */,
			);
			path = Bluetooth;
			sourceTree = "<group>";
		};
		7CB4EFBD2C9AC2C700842497 /* Model */ = {
			isa = PBXGroup;
			children = (
				7CDBC3062CA295AE002876C4 /* Data.swift */,
			);
			path = Model;
			sourceTree = "<group>";
		};
		7CB4EFBE2C9AC2DA00842497 /* View */ = {
			isa = PBXGroup;
			children = (
			);
			path = View;
			sourceTree = "<group>";
		};
		7CB4EFBF2C9AC2E900842497 /* Controller */ = {
			isa = PBXGroup;
			children = (
				7CB4EFC02C9AC3AE00842497 /* MainViewController.swift */,
				7CB4EFC12C9AC3AE00842497 /* MainViewController.xib */,
				7CDBC3082CA29DA3002876C4 /* MainTableViewCell.swift */,
				7CDBC3092CA29DA3002876C4 /* MainTableViewCell.xib */,
			);
			path = Controller;
			sourceTree = "<group>";
		};
/* End PBXGroup section */

/* Begin PBXNativeTarget section */
		7CB4EFA52C9AC25D00842497 /* Bluetooth */ = {
			isa = PBXNativeTarget;
			buildConfigurationList = 7CB4EFBA2C9AC25F00842497 /* Build configuration list for PBXNativeTarget "Bluetooth" */;
			buildPhases = (
				53BB6AC1394857C3F22B037D /* [CP] Check Pods Manifest.lock */,
				7CB4EFA22C9AC25D00842497 /* Sources */,
				7CB4EFA32C9AC25D00842497 /* Frameworks */,
				7CB4EFA42C9AC25D00842497 /* Resources */,
			);
			buildRules = (
			);
			dependencies = (
			);
			name = Bluetooth;
			productName = Bluetooth;
			productReference = 7CB4EFA62C9AC25D00842497 /* Bluetooth.app */;
			productType = "com.apple.product-type.application";
		};
/* End PBXNativeTarget section */

/* Begin PBXProject section */
		7CB4EF9E2C9AC25D00842497 /* Project object */ = {
			isa = PBXProject;
			attributes = {
				BuildIndependentTargetsInParallel = 1;
				LastSwiftUpdateCheck = 1540;
				LastUpgradeCheck = 1540;
				TargetAttributes = {
					7CB4EFA52C9AC25D00842497 = {
						CreatedOnToolsVersion = 15.4;
					};
				};
			};
			buildConfigurationList = 7CB4EFA12C9AC25D00842497 /* Build configuration list for PBXProject "Bluetooth" */;
			compatibilityVersion = "Xcode 14.0";
			developmentRegion = en;
			hasScannedForEncodings = 0;
			knownRegions = (
				en,
				Base,
			);
			mainGroup = 7CB4EF9D2C9AC25D00842497;
			productRefGroup = 7CB4EFA72C9AC25D00842497 /* Products */;
			projectDirPath = "";
			projectRoot = "";
			targets = (
				7CB4EFA52C9AC25D00842497 /* Bluetooth */,
			);
		};
/* End PBXProject section */

/* Begin PBXResourcesBuildPhase section */
		7CB4EFA42C9AC25D00842497 /* Resources */ = {
			isa = PBXResourcesBuildPhase;
			buildActionMask = 2147483647;
			files = (
				7CB4EFB32C9AC25F00842497 /* Assets.xcassets in Resources */,
				7CB4EFC22C9AC3AE00842497 /* MainViewController.xib in Resources */,
				7CDBC30A2CA29DA3002876C4 /* MainTableViewCell.xib in Resources */,
				7CB4EFB62C9AC25F00842497 /* Base in Resources */,
			);
			runOnlyForDeploymentPostprocessing = 0;
		};
/* End PBXResourcesBuildPhase section */

/* Begin PBXShellScriptBuildPhase section */
		53BB6AC1394857C3F22B037D /* [CP] Check Pods Manifest.lock */ = {
			isa = PBXShellScriptBuildPhase;
			buildActionMask = 2147483647;
			files = (
			);
			inputFileListPaths = (
			);
			inputPaths = (
				"${PODS_PODFILE_DIR_PATH}/Podfile.lock",
				"${PODS_ROOT}/Manifest.lock",
			);
			name = "[CP] Check Pods Manifest.lock";
			outputFileListPaths = (
			);
			outputPaths = (
				"$(DERIVED_FILE_DIR)/Pods-Bluetooth-checkManifestLockResult.txt",
			);
			runOnlyForDeploymentPostprocessing = 0;
			shellPath = /bin/sh;
			shellScript = "diff \"${PODS_PODFILE_DIR_PATH}/Podfile.lock\" \"${PODS_ROOT}/Manifest.lock\" > /dev/null\nif [ $? != 0 ] ; then\n    # print error to STDERR\n    echo \"error: The sandbox is not in sync with the Podfile.lock. Run 'pod install' or update your CocoaPods installation.\" >&2\n    exit 1\nfi\n# This output is used by Xcode 'outputs' to avoid re-running this script phase.\necho \"SUCCESS\" > \"${SCRIPT_OUTPUT_FILE_0}\"\n";
			showEnvVarsInLog = 0;
		};
/* End PBXShellScriptBuildPhase section */

/* Begin PBXSourcesBuildPhase section */
		7CB4EFA22C9AC25D00842497 /* Sources */ = {
			isa = PBXSourcesBuildPhase;
			buildActionMask = 2147483647;
			files = (
				7CB4EFC52C9ACF3E00842497 /* BluetoothServices.swift in Sources */,
				7CDBC3072CA295AE002876C4 /* Data.swift in Sources */,
				7CB4EFC32C9AC3AE00842497 /* MainViewController.swift in Sources */,
				7CB4EFAA2C9AC25D00842497 /* AppDelegate.swift in Sources */,
				7CDBC30B2CA29DA3002876C4 /* MainTableViewCell.swift in Sources */,
				7CB4EFAC2C9AC25D00842497 /* SceneDelegate.swift in Sources */,
			);
			runOnlyForDeploymentPostprocessing = 0;
		};
/* End PBXSourcesBuildPhase section */

/* Begin PBXVariantGroup section */
		7CB4EFB42C9AC25F00842497 /* LaunchScreen.storyboard */ = {
			isa = PBXVariantGroup;
			children = (
				7CB4EFB52C9AC25F00842497 /* Base */,
			);
			name = LaunchScreen.storyboard;
			sourceTree = "<group>";
		};
/* End PBXVariantGroup section */

/* Begin XCBuildConfiguration section */
		7CB4EFB82C9AC25F00842497 /* Debug */ = {
			isa = XCBuildConfiguration;
			buildSettings = {
				ALWAYS_SEARCH_USER_PATHS = NO;
				ASSETCATALOG_COMPILER_GENERATE_SWIFT_ASSET_SYMBOL_EXTENSIONS = YES;
				CLANG_ANALYZER_NONNULL = YES;
				CLANG_ANALYZER_NUMBER_OBJECT_CONVERSION = YES_AGGRESSIVE;
				CLANG_CXX_LANGUAGE_STANDARD = "gnu++20";
				CLANG_ENABLE_MODULES = YES;
				CLANG_ENABLE_OBJC_ARC = YES;
				CLANG_ENABLE_OBJC_WEAK = YES;
				CLANG_WARN_BLOCK_CAPTURE_AUTORELEASING = YES;
				CLANG_WARN_BOOL_CONVERSION = YES;
				CLANG_WARN_COMMA = YES;
				CLANG_WARN_CONSTANT_CONVERSION = YES;
				CLANG_WARN_DEPRECATED_OBJC_IMPLEMENTATIONS = YES;
				CLANG_WARN_DIRECT_OBJC_ISA_USAGE = YES_ERROR;
				CLANG_WARN_DOCUMENTATION_COMMENTS = YES;
				CLANG_WARN_EMPTY_BODY = YES;
				CLANG_WARN_ENUM_CONVERSION = YES;
				CLANG_WARN_INFINITE_RECURSION = YES;
				CLANG_WARN_INT_CONVERSION = YES;
				CLANG_WARN_NON_LITERAL_NULL_CONVERSION = YES;
				CLANG_WARN_OBJC_IMPLICIT_RETAIN_SELF = YES;
				CLANG_WARN_OBJC_LITERAL_CONVERSION = YES;
				CLANG_WARN_OBJC_ROOT_CLASS = YES_ERROR;
				CLANG_WARN_QUOTED_INCLUDE_IN_FRAMEWORK_HEADER = YES;
				CLANG_WARN_RANGE_LOOP_ANALYSIS = YES;
				CLANG_WARN_STRICT_PROTOTYPES = YES;
				CLANG_WARN_SUSPICIOUS_MOVE = YES;
				CLANG_WARN_UNGUARDED_AVAILABILITY = YES_AGGRESSIVE;
				CLANG_WARN_UNREACHABLE_CODE = YES;
				CLANG_WARN__DUPLICATE_METHOD_MATCH = YES;
				COPY_PHASE_STRIP = NO;
				DEBUG_INFORMATION_FORMAT = dwarf;
				ENABLE_STRICT_OBJC_MSGSEND = YES;
				ENABLE_TESTABILITY = YES;
				ENABLE_USER_SCRIPT_SANDBOXING = YES;
				GCC_C_LANGUAGE_STANDARD = gnu17;
				GCC_DYNAMIC_NO_PIC = NO;
				GCC_NO_COMMON_BLOCKS = YES;
				GCC_OPTIMIZATION_LEVEL = 0;
				GCC_PREPROCESSOR_DEFINITIONS = (
					"DEBUG=1",
					"$(inherited)",
				);
				GCC_WARN_64_TO_32_BIT_CONVERSION = YES;
				GCC_WARN_ABOUT_RETURN_TYPE = YES_ERROR;
				GCC_WARN_UNDECLARED_SELECTOR = YES;
				GCC_WARN_UNINITIALIZED_AUTOS = YES_AGGRESSIVE;
				GCC_WARN_UNUSED_FUNCTION = YES;
				GCC_WARN_UNUSED_VARIABLE = YES;
				IPHONEOS_DEPLOYMENT_TARGET = 17.5;
				LOCALIZATION_PREFERS_STRING_CATALOGS = YES;
				MTL_ENABLE_DEBUG_INFO = INCLUDE_SOURCE;
				MTL_FAST_MATH = YES;
				ONLY_ACTIVE_ARCH = YES;
				SDKROOT = iphoneos;
				SWIFT_ACTIVE_COMPILATION_CONDITIONS = "DEBUG $(inherited)";
				SWIFT_OPTIMIZATION_LEVEL = "-Onone";
			};
			name = Debug;
		};
		7CB4EFB92C9AC25F00842497 /* Release */ = {
			isa = XCBuildConfiguration;
			buildSettings = {
				ALWAYS_SEARCH_USER_PATHS = NO;
				ASSETCATALOG_COMPILER_GENERATE_SWIFT_ASSET_SYMBOL_EXTENSIONS = YES;
				CLANG_ANALYZER_NONNULL = YES;
				CLANG_ANALYZER_NUMBER_OBJECT_CONVERSION = YES_AGGRESSIVE;
				CLANG_CXX_LANGUAGE_STANDARD = "gnu++20";
				CLANG_ENABLE_MODULES = YES;
				CLANG_ENABLE_OBJC_ARC = YES;
				CLANG_ENABLE_OBJC_WEAK = YES;
				CLANG_WARN_BLOCK_CAPTURE_AUTORELEASING = YES;
				CLANG_WARN_BOOL_CONVERSION = YES;
				CLANG_WARN_COMMA = YES;
				CLANG_WARN_CONSTANT_CONVERSION = YES;
				CLANG_WARN_DEPRECATED_OBJC_IMPLEMENTATIONS = YES;
				CLANG_WARN_DIRECT_OBJC_ISA_USAGE = YES_ERROR;
				CLANG_WARN_DOCUMENTATION_COMMENTS = YES;
				CLANG_WARN_EMPTY_BODY = YES;
				CLANG_WARN_ENUM_CONVERSION = YES;
				CLANG_WARN_INFINITE_RECURSION = YES;
				CLANG_WARN_INT_CONVERSION = YES;
				CLANG_WARN_NON_LITERAL_NULL_CONVERSION = YES;
				CLANG_WARN_OBJC_IMPLICIT_RETAIN_SELF = YES;
				CLANG_WARN_OBJC_LITERAL_CONVERSION = YES;
				CLANG_WARN_OBJC_ROOT_CLASS = YES_ERROR;
				CLANG_WARN_QUOTED_INCLUDE_IN_FRAMEWORK_HEADER = YES;
				CLANG_WARN_RANGE_LOOP_ANALYSIS = YES;
				CLANG_WARN_STRICT_PROTOTYPES = YES;
				CLANG_WARN_SUSPICIOUS_MOVE = YES;
				CLANG_WARN_UNGUARDED_AVAILABILITY = YES_AGGRESSIVE;
				CLANG_WARN_UNREACHABLE_CODE = YES;
				CLANG_WARN__DUPLICATE_METHOD_MATCH = YES;
				COPY_PHASE_STRIP = NO;
				DEBUG_INFORMATION_FORMAT = "dwarf-with-dsym";
				ENABLE_NS_ASSERTIONS = NO;
				ENABLE_STRICT_OBJC_MSGSEND = YES;
				ENABLE_USER_SCRIPT_SANDBOXING = YES;
				GCC_C_LANGUAGE_STANDARD = gnu17;
				GCC_NO_COMMON_BLOCKS = YES;
				GCC_WARN_64_TO_32_BIT_CONVERSION = YES;
				GCC_WARN_ABOUT_RETURN_TYPE = YES_ERROR;
				GCC_WARN_UNDECLARED_SELECTOR = YES;
				GCC_WARN_UNINITIALIZED_AUTOS = YES_AGGRESSIVE;
				GCC_WARN_UNUSED_FUNCTION = YES;
				GCC_WARN_UNUSED_VARIABLE = YES;
				IPHONEOS_DEPLOYMENT_TARGET = 17.5;
				LOCALIZATION_PREFERS_STRING_CATALOGS = YES;
				MTL_ENABLE_DEBUG_INFO = NO;
				MTL_FAST_MATH = YES;
				SDKROOT = iphoneos;
				SWIFT_COMPILATION_MODE = wholemodule;
				VALIDATE_PRODUCT = YES;
			};
			name = Release;
		};
		7CB4EFBB2C9AC25F00842497 /* Debug */ = {
			isa = XCBuildConfiguration;
			baseConfigurationReference = DEEA29CB46A41B2A28C2F2C9 /* Pods-Bluetooth.debug.xcconfig */;
			buildSettings = {
				ASSETCATALOG_COMPILER_APPICON_NAME = AppIcon;
				ASSETCATALOG_COMPILER_GLOBAL_ACCENT_COLOR_NAME = AccentColor;
				CODE_SIGN_STYLE = Automatic;
				CURRENT_PROJECT_VERSION = 1;
				DEVELOPMENT_TEAM = S8FBP4YLUA;
				GENERATE_INFOPLIST_FILE = YES;
				INFOPLIST_FILE = Bluetooth/Info.plist;
				INFOPLIST_KEY_NSBluetoothAlwaysUsageDescription = "允許使用藍牙";
				INFOPLIST_KEY_UIApplicationSupportsIndirectInputEvents = YES;
				INFOPLIST_KEY_UILaunchStoryboardName = LaunchScreen;
				INFOPLIST_KEY_UIMainStoryboardFile = Main;
				INFOPLIST_KEY_UISupportedInterfaceOrientations_iPad = "UIInterfaceOrientationPortrait UIInterfaceOrientationPortraitUpsideDown UIInterfaceOrientationLandscapeLeft UIInterfaceOrientationLandscapeRight";
				INFOPLIST_KEY_UISupportedInterfaceOrientations_iPhone = "UIInterfaceOrientationPortrait UIInterfaceOrientationLandscapeLeft UIInterfaceOrientationLandscapeRight";
				LD_RUNPATH_SEARCH_PATHS = (
					"$(inherited)",
					"@executable_path/Frameworks",
				);
				MARKETING_VERSION = 1.0;
				PRODUCT_BUNDLE_IDENTIFIER = test.Bluetooth;
				PRODUCT_NAME = "$(TARGET_NAME)";
				SWIFT_EMIT_LOC_STRINGS = YES;
				SWIFT_VERSION = 5.0;
				TARGETED_DEVICE_FAMILY = "1,2";
			};
			name = Debug;
		};
		7CB4EFBC2C9AC25F00842497 /* Release */ = {
			isa = XCBuildConfiguration;
			baseConfigurationReference = 26213632815D9D778FF8D7C1 /* Pods-Bluetooth.release.xcconfig */;
			buildSettings = {
				ASSETCATALOG_COMPILER_APPICON_NAME = AppIcon;
				ASSETCATALOG_COMPILER_GLOBAL_ACCENT_COLOR_NAME = AccentColor;
				CODE_SIGN_STYLE = Automatic;
				CURRENT_PROJECT_VERSION = 1;
				DEVELOPMENT_TEAM = S8FBP4YLUA;
				GENERATE_INFOPLIST_FILE = YES;
				INFOPLIST_FILE = Bluetooth/Info.plist;
				INFOPLIST_KEY_NSBluetoothAlwaysUsageDescription = "允許使用藍牙";
				INFOPLIST_KEY_UIApplicationSupportsIndirectInputEvents = YES;
				INFOPLIST_KEY_UILaunchStoryboardName = LaunchScreen;
				INFOPLIST_KEY_UIMainStoryboardFile = Main;
				INFOPLIST_KEY_UISupportedInterfaceOrientations_iPad = "UIInterfaceOrientationPortrait UIInterfaceOrientationPortraitUpsideDown UIInterfaceOrientationLandscapeLeft UIInterfaceOrientationLandscapeRight";
				INFOPLIST_KEY_UISupportedInterfaceOrientations_iPhone = "UIInterfaceOrientationPortrait UIInterfaceOrientationLandscapeLeft UIInterfaceOrientationLandscapeRight";
				LD_RUNPATH_SEARCH_PATHS = (
					"$(inherited)",
					"@executable_path/Frameworks",
				);
				MARKETING_VERSION = 1.0;
				PRODUCT_BUNDLE_IDENTIFIER = test.Bluetooth;
				PRODUCT_NAME = "$(TARGET_NAME)";
				SWIFT_EMIT_LOC_STRINGS = YES;
				SWIFT_VERSION = 5.0;
				TARGETED_DEVICE_FAMILY = "1,2";
			};
			name = Release;
		};
/* End XCBuildConfiguration section */

/* Begin XCConfigurationList section */
		7CB4EFA12C9AC25D00842497 /* Build configuration list for PBXProject "Bluetooth" */ = {
			isa = XCConfigurationList;
			buildConfigurations = (
				7CB4EFB82C9AC25F00842497 /* Debug */,
				7CB4EFB92C9AC25F00842497 /* Release */,
			);
			defaultConfigurationIsVisible = 0;
			defaultConfigurationName = Release;
		};
		7CB4EFBA2C9AC25F00842497 /* Build configuration list for PBXNativeTarget "Bluetooth" */ = {
			isa = XCConfigurationList;
			buildConfigurations = (
				7CB4EFBB2C9AC25F00842497 /* Debug */,
				7CB4EFBC2C9AC25F00842497 /* Release */,
			);
			defaultConfigurationIsVisible = 0;
			defaultConfigurationName = Release;
		};
/* End XCConfigurationList section */
	};
	rootObject = 7CB4EF9E2C9AC25D00842497 /* Project object */;
}
